// !$*UTF8*$!
{
	archiveVersion = 1;
	classes = {
	};
	objectVersion = 46;
	objects = {

/* Begin PBXBuildFile section */
		3701A06C1BCDE8D6008BBD56 /* View.xib in Resources */ = {isa = PBXBuildFile; fileRef = 3701A06B1BCDE8D6008BBD56 /* View.xib */; settings = {ASSET_TAGS = (); }; };
		3701A06F1BCDF39D008BBD56 /* Main.storyboard in Resources */ = {isa = PBXBuildFile; fileRef = 3701A06D1BCDF39D008BBD56 /* Main.storyboard */; settings = {ASSET_TAGS = (); }; };
		37064C981BCF3C54002293DC /* AKView.m in Sources */ = {isa = PBXBuildFile; fileRef = 37064C971BCF3C54002293DC /* AKView.m */; settings = {ASSET_TAGS = (); }; };
		37064C9C1BCF45DC002293DC /* STTask.m in Sources */ = {isa = PBXBuildFile; fileRef = 37064C9B1BCF45DC002293DC /* STTask.m */; settings = {ASSET_TAGS = (); }; };
		37064C9F1BCF593E002293DC /* NSFileManager+Utility.m in Sources */ = {isa = PBXBuildFile; fileRef = 37064C9E1BCF593E002293DC /* NSFileManager+Utility.m */; settings = {ASSET_TAGS = (); }; };
		37064CA21BCF9713002293DC /* STTaskCell.m in Sources */ = {isa = PBXBuildFile; fileRef = 37064CA11BCF9713002293DC /* STTaskCell.m */; settings = {ASSET_TAGS = (); }; };
		3725EF681BCD090D00536863 /* AppDelegate.m in Sources */ = {isa = PBXBuildFile; fileRef = 3725EF671BCD090D00536863 /* AppDelegate.m */; };
		3725EF6B1BCD090D00536863 /* main.m in Sources */ = {isa = PBXBuildFile; fileRef = 3725EF6A1BCD090D00536863 /* main.m */; };
		3725EF701BCD090D00536863 /* Assets.xcassets in Resources */ = {isa = PBXBuildFile; fileRef = 3725EF6F1BCD090D00536863 /* Assets.xcassets */; };
		3725EF7E1BCD090E00536863 /* SimpleTodoTests.m in Sources */ = {isa = PBXBuildFile; fileRef = 3725EF7D1BCD090E00536863 /* SimpleTodoTests.m */; };
		3725EF891BCD090E00536863 /* SimpleTodoUITests.m in Sources */ = {isa = PBXBuildFile; fileRef = 3725EF881BCD090E00536863 /* SimpleTodoUITests.m */; };
		37FEB6121BCD0A96006E1771 /* MainViewController.m in Sources */ = {isa = PBXBuildFile; fileRef = 37FEB6111BCD0A96006E1771 /* MainViewController.m */; settings = {ASSET_TAGS = (); }; };
/* End PBXBuildFile section */

/* Begin PBXContainerItemProxy section */
		3725EF7A1BCD090E00536863 /* PBXContainerItemProxy */ = {
			isa = PBXContainerItemProxy;
			containerPortal = 3725EF5B1BCD090D00536863 /* Project object */;
			proxyType = 1;
			remoteGlobalIDString = 3725EF621BCD090D00536863;
			remoteInfo = SimpleTodo;
		};
		3725EF851BCD090E00536863 /* PBXContainerItemProxy */ = {
			isa = PBXContainerItemProxy;
			containerPortal = 3725EF5B1BCD090D00536863 /* Project object */;
			proxyType = 1;
			remoteGlobalIDString = 3725EF621BCD090D00536863;
			remoteInfo = SimpleTodo;
		};
/* End PBXContainerItemProxy section */

/* Begin PBXFileReference section */
		3701A06B1BCDE8D6008BBD56 /* View.xib */ = {isa = PBXFileReference; fileEncoding = 4; lastKnownFileType = file.xib; path = View.xib; sourceTree = "<group>"; };
		3701A06E1BCDF39D008BBD56 /* Base */ = {isa = PBXFileReference; lastKnownFileType = file.storyboard; name = Base; path = Base.lproj/Main.storyboard; sourceTree = "<group>"; };
		37064C961BCF3C54002293DC /* AKView.h */ = {isa = PBXFileReference; fileEncoding = 4; lastKnownFileType = sourcecode.c.h; path = AKView.h; sourceTree = "<group>"; };
		37064C971BCF3C54002293DC /* AKView.m */ = {isa = PBXFileReference; fileEncoding = 4; lastKnownFileType = sourcecode.c.objc; path = AKView.m; sourceTree = "<group>"; };
		37064C991BCF3C77002293DC /* PrefixHeader.pch */ = {isa = PBXFileReference; lastKnownFileType = sourcecode.c.h; path = PrefixHeader.pch; sourceTree = "<group>"; };
		37064C9A1BCF45DC002293DC /* STTask.h */ = {isa = PBXFileReference; fileEncoding = 4; lastKnownFileType = sourcecode.c.h; path = STTask.h; sourceTree = "<group>"; };
		37064C9B1BCF45DC002293DC /* STTask.m */ = {isa = PBXFileReference; fileEncoding = 4; lastKnownFileType = sourcecode.c.objc; path = STTask.m; sourceTree = "<group>"; };
		37064C9D1BCF593E002293DC /* NSFileManager+Utility.h */ = {isa = PBXFileReference; fileEncoding = 4; lastKnownFileType = sourcecode.c.h; path = "NSFileManager+Utility.h"; sourceTree = "<group>"; };
		37064C9E1BCF593E002293DC /* NSFileManager+Utility.m */ = {isa = PBXFileReference; fileEncoding = 4; lastKnownFileType = sourcecode.c.objc; path = "NSFileManager+Utility.m"; sourceTree = "<group>"; };
		37064CA01BCF9713002293DC /* STTaskCell.h */ = {isa = PBXFileReference; fileEncoding = 4; lastKnownFileType = sourcecode.c.h; path = STTaskCell.h; sourceTree = "<group>"; };
		37064CA11BCF9713002293DC /* STTaskCell.m */ = {isa = PBXFileReference; fileEncoding = 4; lastKnownFileType = sourcecode.c.objc; path = STTaskCell.m; sourceTree = "<group>"; };
		3725EF631BCD090D00536863 /* SimpleTodo.app */ = {isa = PBXFileReference; explicitFileType = wrapper.application; includeInIndex = 0; path = SimpleTodo.app; sourceTree = BUILT_PRODUCTS_DIR; };
		3725EF661BCD090D00536863 /* AppDelegate.h */ = {isa = PBXFileReference; lastKnownFileType = sourcecode.c.h; path = AppDelegate.h; sourceTree = "<group>"; };
		3725EF671BCD090D00536863 /* AppDelegate.m */ = {isa = PBXFileReference; lastKnownFileType = sourcecode.c.objc; path = AppDelegate.m; sourceTree = "<group>"; };
		3725EF6A1BCD090D00536863 /* main.m */ = {isa = PBXFileReference; lastKnownFileType = sourcecode.c.objc; path = main.m; sourceTree = "<group>"; };
		3725EF6F1BCD090D00536863 /* Assets.xcassets */ = {isa = PBXFileReference; lastKnownFileType = folder.assetcatalog; path = Assets.xcassets; sourceTree = "<group>"; };
		3725EF741BCD090E00536863 /* Info.plist */ = {isa = PBXFileReference; lastKnownFileType = text.plist.xml; path = Info.plist; sourceTree = "<group>"; };
		3725EF791BCD090E00536863 /* SimpleTodoTests.xctest */ = {isa = PBXFileReference; explicitFileType = wrapper.cfbundle; includeInIndex = 0; path = SimpleTodoTests.xctest; sourceTree = BUILT_PRODUCTS_DIR; };
		3725EF7D1BCD090E00536863 /* SimpleTodoTests.m */ = {isa = PBXFileReference; lastKnownFileType = sourcecode.c.objc; path = SimpleTodoTests.m; sourceTree = "<group>"; };
		3725EF7F1BCD090E00536863 /* Info.plist */ = {isa = PBXFileReference; lastKnownFileType = text.plist.xml; path = Info.plist; sourceTree = "<group>"; };
		3725EF841BCD090E00536863 /* SimpleTodoUITests.xctest */ = {isa = PBXFileReference; explicitFileType = wrapper.cfbundle; includeInIndex = 0; path = SimpleTodoUITests.xctest; sourceTree = BUILT_PRODUCTS_DIR; };
		3725EF881BCD090E00536863 /* SimpleTodoUITests.m */ = {isa = PBXFileReference; lastKnownFileType = sourcecode.c.objc; path = SimpleTodoUITests.m; sourceTree = "<group>"; };
		3725EF8A1BCD090E00536863 /* Info.plist */ = {isa = PBXFileReference; lastKnownFileType = text.plist.xml; path = Info.plist; sourceTree = "<group>"; };
		37FEB6101BCD0A96006E1771 /* MainViewController.h */ = {isa = PBXFileReference; fileEncoding = 4; lastKnownFileType = sourcecode.c.h; path = MainViewController.h; sourceTree = "<group>"; };
		37FEB6111BCD0A96006E1771 /* MainViewController.m */ = {isa = PBXFileReference; fileEncoding = 4; lastKnownFileType = sourcecode.c.objc; path = MainViewController.m; sourceTree = "<group>"; };
/* End PBXFileReference section */

/* Begin PBXFrameworksBuildPhase section */
		3725EF601BCD090D00536863 /* Frameworks */ = {
			isa = PBXFrameworksBuildPhase;
			buildActionMask = 2147483647;
			files = (
			);
			runOnlyForDeploymentPostprocessing = 0;
		};
		3725EF761BCD090E00536863 /* Frameworks */ = {
			isa = PBXFrameworksBuildPhase;
			buildActionMask = 2147483647;
			files = (
			);
			runOnlyForDeploymentPostprocessing = 0;
		};
		3725EF811BCD090E00536863 /* Frameworks */ = {
			isa = PBXFrameworksBuildPhase;
			buildActionMask = 2147483647;
			files = (
			);
			runOnlyForDeploymentPostprocessing = 0;
		};
/* End PBXFrameworksBuildPhase section */

/* Begin PBXGroup section */
		3725EF5A1BCD090D00536863 = {
			isa = PBXGroup;
			children = (
				3725EF651BCD090D00536863 /* SimpleTodo */,
				3725EF7C1BCD090E00536863 /* SimpleTodoTests */,
				3725EF871BCD090E00536863 /* SimpleTodoUITests */,
				3725EF641BCD090D00536863 /* Products */,
			);
			sourceTree = "<group>";
		};
		3725EF641BCD090D00536863 /* Products */ = {
			isa = PBXGroup;
			children = (
				3725EF631BCD090D00536863 /* SimpleTodo.app */,
				3725EF791BCD090E00536863 /* SimpleTodoTests.xctest */,
				3725EF841BCD090E00536863 /* SimpleTodoUITests.xctest */,
			);
			name = Products;
			sourceTree = "<group>";
		};
		3725EF651BCD090D00536863 /* SimpleTodo */ = {
			isa = PBXGroup;
			children = (
				37064C9D1BCF593E002293DC /* NSFileManager+Utility.h */,
				37064C9E1BCF593E002293DC /* NSFileManager+Utility.m */,
				3725EF661BCD090D00536863 /* AppDelegate.h */,
				3725EF671BCD090D00536863 /* AppDelegate.m */,
				3701A06D1BCDF39D008BBD56 /* Main.storyboard */,
				3725EF6F1BCD090D00536863 /* Assets.xcassets */,
				3725EF741BCD090E00536863 /* Info.plist */,
				3725EF691BCD090D00536863 /* Supporting Files */,
				37FEB6101BCD0A96006E1771 /* MainViewController.h */,
				37FEB6111BCD0A96006E1771 /* MainViewController.m */,
				3701A06B1BCDE8D6008BBD56 /* View.xib */,
				37064C961BCF3C54002293DC /* AKView.h */,
				37064C971BCF3C54002293DC /* AKView.m */,
				37064C9A1BCF45DC002293DC /* STTask.h */,
				37064C9B1BCF45DC002293DC /* STTask.m */,
				37064CA01BCF9713002293DC /* STTaskCell.h */,
				37064CA11BCF9713002293DC /* STTaskCell.m */,
			);
			path = SimpleTodo;
			sourceTree = "<group>";
		};
		3725EF691BCD090D00536863 /* Supporting Files */ = {
			isa = PBXGroup;
			children = (
				3725EF6A1BCD090D00536863 /* main.m */,
				37064C991BCF3C77002293DC /* PrefixHeader.pch */,
			);
			name = "Supporting Files";
			sourceTree = "<group>";
		};
		3725EF7C1BCD090E00536863 /* SimpleTodoTests */ = {
			isa = PBXGroup;
			children = (
				3725EF7D1BCD090E00536863 /* SimpleTodoTests.m */,
				3725EF7F1BCD090E00536863 /* Info.plist */,
			);
			path = SimpleTodoTests;
			sourceTree = "<group>";
		};
		3725EF871BCD090E00536863 /* SimpleTodoUITests */ = {
			isa = PBXGroup;
			children = (
				3725EF881BCD090E00536863 /* SimpleTodoUITests.m */,
				3725EF8A1BCD090E00536863 /* Info.plist */,
			);
			path = SimpleTodoUITests;
			sourceTree = "<group>";
		};
/* End PBXGroup section */

/* Begin PBXNativeTarget section */
		3725EF621BCD090D00536863 /* SimpleTodo */ = {
			isa = PBXNativeTarget;
			buildConfigurationList = 3725EF8D1BCD090E00536863 /* Build configuration list for PBXNativeTarget "SimpleTodo" */;
			buildPhases = (
				3725EF5F1BCD090D00536863 /* Sources */,
				3725EF601BCD090D00536863 /* Frameworks */,
				3725EF611BCD090D00536863 /* Resources */,
			);
			buildRules = (
			);
			dependencies = (
			);
			name = SimpleTodo;
			productName = SimpleTodo;
			productReference = 3725EF631BCD090D00536863 /* SimpleTodo.app */;
			productType = "com.apple.product-type.application";
		};
		3725EF781BCD090E00536863 /* SimpleTodoTests */ = {
			isa = PBXNativeTarget;
			buildConfigurationList = 3725EF901BCD090E00536863 /* Build configuration list for PBXNativeTarget "SimpleTodoTests" */;
			buildPhases = (
				3725EF751BCD090E00536863 /* Sources */,
				3725EF761BCD090E00536863 /* Frameworks */,
				3725EF771BCD090E00536863 /* Resources */,
			);
			buildRules = (
			);
			dependencies = (
				3725EF7B1BCD090E00536863 /* PBXTargetDependency */,
			);
			name = SimpleTodoTests;
			productName = SimpleTodoTests;
			productReference = 3725EF791BCD090E00536863 /* SimpleTodoTests.xctest */;
			productType = "com.apple.product-type.bundle.unit-test";
		};
		3725EF831BCD090E00536863 /* SimpleTodoUITests */ = {
			isa = PBXNativeTarget;
			buildConfigurationList = 3725EF931BCD090E00536863 /* Build configuration list for PBXNativeTarget "SimpleTodoUITests" */;
			buildPhases = (
				3725EF801BCD090E00536863 /* Sources */,
				3725EF811BCD090E00536863 /* Frameworks */,
				3725EF821BCD090E00536863 /* Resources */,
			);
			buildRules = (
			);
			dependencies = (
				3725EF861BCD090E00536863 /* PBXTargetDependency */,
			);
			name = SimpleTodoUITests;
			productName = SimpleTodoUITests;
			productReference = 3725EF841BCD090E00536863 /* SimpleTodoUITests.xctest */;
			productType = "com.apple.product-type.bundle.ui-testing";
		};
/* End PBXNativeTarget section */

/* Begin PBXProject section */
		3725EF5B1BCD090D00536863 /* Project object */ = {
			isa = PBXProject;
			attributes = {
				LastUpgradeCheck = 0700;
				ORGANIZATIONNAME = Kent;
				TargetAttributes = {
					3725EF621BCD090D00536863 = {
						CreatedOnToolsVersion = 7.0;
					};
					3725EF781BCD090E00536863 = {
						CreatedOnToolsVersion = 7.0;
						TestTargetID = 3725EF621BCD090D00536863;
					};
					3725EF831BCD090E00536863 = {
						CreatedOnToolsVersion = 7.0;
						TestTargetID = 3725EF621BCD090D00536863;
					};
				};
			};
			buildConfigurationList = 3725EF5E1BCD090D00536863 /* Build configuration list for PBXProject "SimpleTodo" */;
			compatibilityVersion = "Xcode 3.2";
			developmentRegion = English;
			hasScannedForEncodings = 0;
			knownRegions = (
				en,
				Base,
			);
			mainGroup = 3725EF5A1BCD090D00536863;
			productRefGroup = 3725EF641BCD090D00536863 /* Products */;
			projectDirPath = "";
			projectRoot = "";
			targets = (
				3725EF621BCD090D00536863 /* SimpleTodo */,
				3725EF781BCD090E00536863 /* SimpleTodoTests */,
				3725EF831BCD090E00536863 /* SimpleTodoUITests */,
			);
		};
/* End PBXProject section */

/* Begin PBXResourcesBuildPhase section */
		3725EF611BCD090D00536863 /* Resources */ = {
			isa = PBXResourcesBuildPhase;
			buildActionMask = 2147483647;
			files = (
				3701A06F1BCDF39D008BBD56 /* Main.storyboard in Resources */,
				3725EF701BCD090D00536863 /* Assets.xcassets in Resources */,
				3701A06C1BCDE8D6008BBD56 /* View.xib in Resources */,
			);
			runOnlyForDeploymentPostprocessing = 0;
		};
		3725EF771BCD090E00536863 /* Resources */ = {
			isa = PBXResourcesBuildPhase;
			buildActionMask = 2147483647;
			files = (
			);
			runOnlyForDeploymentPostprocessing = 0;
		};
		3725EF821BCD090E00536863 /* Resources */ = {
			isa = PBXResourcesBuildPhase;
			buildActionMask = 2147483647;
			files = (
			);
			runOnlyForDeploymentPostprocessing = 0;
		};
/* End PBXResourcesBuildPhase section */

/* Begin PBXSourcesBuildPhase section */
		3725EF5F1BCD090D00536863 /* Sources */ = {
			isa = PBXSourcesBuildPhase;
			buildActionMask = 2147483647;
			files = (
				3725EF6B1BCD090D00536863 /* main.m in Sources */,
				3725EF681BCD090D00536863 /* AppDelegate.m in Sources */,
				37064C9C1BCF45DC002293DC /* STTask.m in Sources */,
				37064C9F1BCF593E002293DC /* NSFileManager+Utility.m in Sources */,
				37064C981BCF3C54002293DC /* AKView.m in Sources */,
				37FEB6121BCD0A96006E1771 /* MainViewController.m in Sources */,
				37064CA21BCF9713002293DC /* STTaskCell.m in Sources */,
			);
			runOnlyForDeploymentPostprocessing = 0;
		};
		3725EF751BCD090E00536863 /* Sources */ = {
			isa = PBXSourcesBuildPhase;
			buildActionMask = 2147483647;
			files = (
				3725EF7E1BCD090E00536863 /* SimpleTodoTests.m in Sources */,
			);
			runOnlyForDeploymentPostprocessing = 0;
		};
		3725EF801BCD090E00536863 /* Sources */ = {
			isa = PBXSourcesBuildPhase;
			buildActionMask = 2147483647;
			files = (
				3725EF891BCD090E00536863 /* SimpleTodoUITests.m in Sources */,
			);
			runOnlyForDeploymentPostprocessing = 0;
		};
/* End PBXSourcesBuildPhase section */

/* Begin PBXTargetDependency section */
		3725EF7B1BCD090E00536863 /* PBXTargetDependency */ = {
			isa = PBXTargetDependency;
			target = 3725EF621BCD090D00536863 /* SimpleTodo */;
			targetProxy = 3725EF7A1BCD090E00536863 /* PBXContainerItemProxy */;
		};
		3725EF861BCD090E00536863 /* PBXTargetDependency */ = {
			isa = PBXTargetDependency;
			target = 3725EF621BCD090D00536863 /* SimpleTodo */;
			targetProxy = 3725EF851BCD090E00536863 /* PBXContainerItemProxy */;
		};
/* End PBXTargetDependency section */

/* Begin PBXVariantGroup section */
		3701A06D1BCDF39D008BBD56 /* Main.storyboard */ = {
			isa = PBXVariantGroup;
			children = (
				3701A06E1BCDF39D008BBD56 /* Base */,
			);
			name = Main.storyboard;
			sourceTree = "<group>";
		};
/* End PBXVariantGroup section */

/* Begin XCBuildConfiguration section */
		3725EF8B1BCD090E00536863 /* Debug */ = {
			isa = XCBuildConfiguration;
			buildSettings = {
				ALWAYS_SEARCH_USER_PATHS = NO;
				CLANG_CXX_LANGUAGE_STANDARD = "gnu++0x";
				CLANG_CXX_LIBRARY = "libc++";
				CLANG_ENABLE_MODULES = YES;
				CLANG_ENABLE_OBJC_ARC = YES;
				CLANG_WARN_BOOL_CONVERSION = YES;
				CLANG_WARN_CONSTANT_CONVERSION = YES;
				CLANG_WARN_DIRECT_OBJC_ISA_USAGE = YES_ERROR;
				CLANG_WARN_EMPTY_BODY = YES;
				CLANG_WARN_ENUM_CONVERSION = YES;
				CLANG_WARN_INT_CONVERSION = YES;
				CLANG_WARN_OBJC_ROOT_CLASS = YES_ERROR;
				CLANG_WARN_UNREACHABLE_CODE = YES;
				CLANG_WARN__DUPLICATE_METHOD_MATCH = YES;
				CODE_SIGN_IDENTITY = "-";
				COPY_PHASE_STRIP = NO;
				DEBUG_INFORMATION_FORMAT = dwarf;
				ENABLE_STRICT_OBJC_MSGSEND = YES;
				ENABLE_TESTABILITY = YES;
				GCC_C_LANGUAGE_STANDARD = gnu99;
				GCC_DYNAMIC_NO_PIC = NO;
				GCC_NO_COMMON_BLOCKS = YES;
				GCC_OPTIMIZATION_LEVEL = 0;
				GCC_PREPROCESSOR_DEFINITIONS = (
					"DEBUG=1",
					"$(inherited)",
				);
				GCC_WARN_64_TO_32_BIT_CONVERSION = YES;
				GCC_WARN_ABOUT_RETURN_TYPE = YES_ERROR;
				GCC_WARN_UNDECLARED_SELECTOR = YES;
				GCC_WARN_UNINITIALIZED_AUTOS = YES_AGGRESSIVE;
				GCC_WARN_UNUSED_FUNCTION = YES;
				GCC_WARN_UNUSED_VARIABLE = YES;
				MACOSX_DEPLOYMENT_TARGET = 10.11;
				MTL_ENABLE_DEBUG_INFO = YES;
				ONLY_ACTIVE_ARCH = YES;
				SDKROOT = macosx;
			};
			name = Debug;
		};
		3725EF8C1BCD090E00536863 /* Release */ = {
			isa = XCBuildConfiguration;
			buildSettings = {
				ALWAYS_SEARCH_USER_PATHS = NO;
				CLANG_CXX_LANGUAGE_STANDARD = "gnu++0x";
				CLANG_CXX_LIBRARY = "libc++";
				CLANG_ENABLE_MODULES = YES;
				CLANG_ENABLE_OBJC_ARC = YES;
				CLANG_WARN_BOOL_CONVERSION = YES;
				CLANG_WARN_CONSTANT_CONVERSION = YES;
				CLANG_WARN_DIRECT_OBJC_ISA_USAGE = YES_ERROR;
				CLANG_WARN_EMPTY_BODY = YES;
				CLANG_WARN_ENUM_CONVERSION = YES;
				CLANG_WARN_INT_CONVERSION = YES;
				CLANG_WARN_OBJC_ROOT_CLASS = YES_ERROR;
				CLANG_WARN_UNREACHABLE_CODE = YES;
				CLANG_WARN__DUPLICATE_METHOD_MATCH = YES;
				CODE_SIGN_IDENTITY = "-";
				COPY_PHASE_STRIP = NO;
				DEBUG_INFORMATION_FORMAT = "dwarf-with-dsym";
				ENABLE_NS_ASSERTIONS = NO;
				ENABLE_STRICT_OBJC_MSGSEND = YES;
				GCC_C_LANGUAGE_STANDARD = gnu99;
				GCC_NO_COMMON_BLOCKS = YES;
				GCC_WARN_64_TO_32_BIT_CONVERSION = YES;
				GCC_WARN_ABOUT_RETURN_TYPE = YES_ERROR;
				GCC_WARN_UNDECLARED_SELECTOR = YES;
				GCC_WARN_UNINITIALIZED_AUTOS = YES_AGGRESSIVE;
				GCC_WARN_UNUSED_FUNCTION = YES;
				GCC_WARN_UNUSED_VARIABLE = YES;
				MACOSX_DEPLOYMENT_TARGET = 10.11;
				MTL_ENABLE_DEBUG_INFO = NO;
				SDKROOT = macosx;
			};
			name = Release;
		};
		3725EF8E1BCD090E00536863 /* Debug */ = {
			isa = XCBuildConfiguration;
			buildSettings = {
				ASSETCATALOG_COMPILER_APPICON_NAME = AppIcon;
				COMBINE_HIDPI_IMAGES = YES;
				GCC_PRECOMPILE_PREFIX_HEADER = YES;
				GCC_PREFIX_HEADER = SimpleTodo/PrefixHeader.pch;
				INFOPLIST_FILE = SimpleTodo/Info.plist;
				LD_RUNPATH_SEARCH_PATHS = "$(inherited) @executable_path/../Frameworks";
				PRODUCT_BUNDLE_IDENTIFIER = com.aroh.SimpleTodo;
				PRODUCT_NAME = "$(TARGET_NAME)";
			};
			name = Debug;
		};
		3725EF8F1BCD090E00536863 /* Release */ = {
			isa = XCBuildConfiguration;
			buildSettings = {
				ASSETCATALOG_COMPILER_APPICON_NAME = AppIcon;
				COMBINE_HIDPI_IMAGES = YES;
				GCC_PRECOMPILE_PREFIX_HEADER = YES;
				GCC_PREFIX_HEADER = SimpleTodo/PrefixHeader.pch;
				INFOPLIST_FILE = SimpleTodo/Info.plist;
				LD_RUNPATH_SEARCH_PATHS = "$(inherited) @executable_path/../Frameworks";
				PRODUCT_BUNDLE_IDENTIFIER = com.aroh.SimpleTodo;
				PRODUCT_NAME = "$(TARGET_NAME)";
			};
			name = Release;
		};
		3725EF911BCD090E00536863 /* Debug */ = {
			isa = XCBuildConfiguration;
			buildSettings = {
				BUNDLE_LOADER = "$(TEST_HOST)";
				COMBINE_HIDPI_IMAGES = YES;
				INFOPLIST_FILE = SimpleTodoTests/Info.plist;
				LD_RUNPATH_SEARCH_PATHS = "$(inherited) @executable_path/../Frameworks @loader_path/../Frameworks";
				PRODUCT_BUNDLE_IDENTIFIER = com.aroh.SimpleTodoTests;
				PRODUCT_NAME = "$(TARGET_NAME)";
				TEST_HOST = "$(BUILT_PRODUCTS_DIR)/SimpleTodo.app/Contents/MacOS/SimpleTodo";
			};
			name = Debug;
		};
		3725EF921BCD090E00536863 /* Release */ = {
			isa = XCBuildConfiguration;
			buildSettings = {
				BUNDLE_LOADER = "$(TEST_HOST)";
				COMBINE_HIDPI_IMAGES = YES;
				INFOPLIST_FILE = SimpleTodoTests/Info.plist;
				LD_RUNPATH_SEARCH_PATHS = "$(inherited) @executable_path/../Frameworks @loader_path/../Frameworks";
				PRODUCT_BUNDLE_IDENTIFIER = com.aroh.SimpleTodoTests;
				PRODUCT_NAME = "$(TARGET_NAME)";
				TEST_HOST = "$(BUILT_PRODUCTS_DIR)/SimpleTodo.app/Contents/MacOS/SimpleTodo";
			};
			name = Release;
		};
		3725EF941BCD090E00536863 /* Debug */ = {
			isa = XCBuildConfiguration;
			buildSettings = {
				COMBINE_HIDPI_IMAGES = YES;
				INFOPLIST_FILE = SimpleTodoUITests/Info.plist;
				LD_RUNPATH_SEARCH_PATHS = "$(inherited) @executable_path/../Frameworks @loader_path/../Frameworks";
				PRODUCT_BUNDLE_IDENTIFIER = com.aroh.SimpleTodoUITests;
				PRODUCT_NAME = "$(TARGET_NAME)";
				TEST_TARGET_NAME = SimpleTodo;
				USES_XCTRUNNER = YES;
			};
			name = Debug;
		};
		3725EF951BCD090E00536863 /* Release */ = {
			isa = XCBuildConfiguration;
			buildSettings = {
				COMBINE_HIDPI_IMAGES = YES;
				INFOPLIST_FILE = SimpleTodoUITests/Info.plist;
				LD_RUNPATH_SEARCH_PATHS = "$(inherited) @executable_path/../Frameworks @loader_path/../Frameworks";
				PRODUCT_BUNDLE_IDENTIFIER = com.aroh.SimpleTodoUITests;
				PRODUCT_NAME = "$(TARGET_NAME)";
				TEST_TARGET_NAME = SimpleTodo;
				USES_XCTRUNNER = YES;
			};
			name = Release;
		};
/* End XCBuildConfiguration section */

/* Begin XCConfigurationList section */
		3725EF5E1BCD090D00536863 /* Build configuration list for PBXProject "SimpleTodo" */ = {
			isa = XCConfigurationList;
			buildConfigurations = (
				3725EF8B1BCD090E00536863 /* Debug */,
				3725EF8C1BCD090E00536863 /* Release */,
			);
			defaultConfigurationIsVisible = 0;
			defaultConfigurationName = Release;
		};
		3725EF8D1BCD090E00536863 /* Build configuration list for PBXNativeTarget "SimpleTodo" */ = {
			isa = XCConfigurationList;
			buildConfigurations = (
				3725EF8E1BCD090E00536863 /* Debug */,
				3725EF8F1BCD090E00536863 /* Release */,
			);
			defaultConfigurationIsVisible = 0;
			defaultConfigurationName = Release;
		};
		3725EF901BCD090E00536863 /* Build configuration list for PBXNativeTarget "SimpleTodoTests" */ = {
			isa = XCConfigurationList;
			buildConfigurations = (
				3725EF911BCD090E00536863 /* Debug */,
				3725EF921BCD090E00536863 /* Release */,
			);
			defaultConfigurationIsVisible = 0;
			defaultConfigurationName = Release;
		};
		3725EF931BCD090E00536863 /* Build configuration list for PBXNativeTarget "SimpleTodoUITests" */ = {
			isa = XCConfigurationList;
			buildConfigurations = (
				3725EF941BCD090E00536863 /* Debug */,
				3725EF951BCD090E00536863 /* Release */,
			);
			defaultConfigurationIsVisible = 0;
			defaultConfigurationName = Release;
		};
/* End XCConfigurationList section */
	};
	rootObject = 3725EF5B1BCD090D00536863 /* Project object */;
}
